<?xml version="1.0" encoding="utf-8"?>
<Project ToolsVersion="17.0" xmlns="http://schemas.microsoft.com/developer/msbuild/2003">
  <ItemGroup>
    <CustomBuild Include="C:\Dev\Rishab\ClionProjects\Chess\CMakeFiles\0ab484dca766999c6070b72747d6cbf6\INSTALL_force.rule">
      <Filter>CMake Rules</Filter>
    </CustomBuild>
  </ItemGroup>
  <ItemGroup>
    <Filter Include="CMake Rules">
      <UniqueIdentifier>{6A9D58EE-8881-37A7-92A7-A601F4BB7F7C}</UniqueIdentifier>
    </Filter>
  </ItemGroup>
</Project>
