<?xml version="1.0" encoding="utf-8"?>
<Project ToolsVersion="17.0" xmlns="http://schemas.microsoft.com/developer/msbuild/2003">
  <ItemGroup>
    <ClCompile Include="C:\Dev\Rishab\ClionProjects\Chess\Chess\Main.cpp" />
    <ClCompile Include="C:\Dev\Rishab\ClionProjects\Chess\Chess\stb.cpp" />
    <ClCompile Include="C:\Dev\Rishab\ClionProjects\Chess\Chess\src\Application.cpp">
      <Filter>src</Filter>
    </ClCompile>
    <ClCompile Include="C:\Dev\Rishab\ClionProjects\Chess\Chess\src\Board\Board.cpp">
      <Filter>src\Board</Filter>
    </ClCompile>
    <ClCompile Include="C:\Dev\Rishab\ClionProjects\Chess\Chess\src\Board\Pieces\Piece.cpp">
      <Filter>src\Board\Pieces</Filter>
    </ClCompile>
    <ClCompile Include="C:\Dev\Rishab\ClionProjects\Chess\Chess\src\Board\Pieces\SlidingPieces.cpp">
      <Filter>src\Board\Pieces</Filter>
    </ClCompile>
    <ClCompile Include="C:\Dev\Rishab\ClionProjects\Chess\Chess\src\Board\Pieces\SpecialPieces.cpp">
      <Filter>src\Board\Pieces</Filter>
    </ClCompile>
    <ClCompile Include="C:\Dev\Rishab\ClionProjects\Chess\Chess\src\Engine\Layer.cpp">
      <Filter>src\Engine</Filter>
    </ClCompile>
    <ClCompile Include="C:\Dev\Rishab\ClionProjects\Chess\Chess\src\Engine\Renderer.cpp">
      <Filter>src\Engine</Filter>
    </ClCompile>
    <ClCompile Include="C:\Dev\Rishab\ClionProjects\Chess\Chess\src\Engine\Shader.cpp">
      <Filter>src\Engine</Filter>
    </ClCompile>
    <ClCompile Include="C:\Dev\Rishab\ClionProjects\Chess\Chess\src\Engine\Window.cpp">
      <Filter>src\Engine</Filter>
    </ClCompile>
    <ClCompile Include="C:\Dev\Rishab\ClionProjects\Chess\Chess\src\Board\PromotionBoard.cpp">
      <Filter>Source Files</Filter>
    </ClCompile>
  </ItemGroup>
  <ItemGroup>
    <ClInclude Include="C:\Dev\Rishab\ClionProjects\Chess\Chess\src\Application.h">
      <Filter>src</Filter>
    </ClInclude>
    <ClInclude Include="C:\Dev\Rishab\ClionProjects\Chess\Chess\src\Board\Board.h">
      <Filter>src\Board</Filter>
    </ClInclude>
    <ClInclude Include="C:\Dev\Rishab\ClionProjects\Chess\Chess\src\Board\Pieces\Piece.h">
      <Filter>src\Board\Pieces</Filter>
    </ClInclude>
    <ClInclude Include="C:\Dev\Rishab\ClionProjects\Chess\Chess\src\Board\Pieces\SlidingPieces.h">
      <Filter>src\Board\Pieces</Filter>
    </ClInclude>
    <ClInclude Include="C:\Dev\Rishab\ClionProjects\Chess\Chess\src\Board\Pieces\SpecialPieces.h">
      <Filter>src\Board\Pieces</Filter>
    </ClInclude>
    <ClInclude Include="C:\Dev\Rishab\ClionProjects\Chess\Chess\src\Engine\Layer.h">
      <Filter>src\Engine</Filter>
    </ClInclude>
    <ClInclude Include="C:\Dev\Rishab\ClionProjects\Chess\Chess\src\Engine\Renderer.h">
      <Filter>src\Engine</Filter>
    </ClInclude>
    <ClInclude Include="C:\Dev\Rishab\ClionProjects\Chess\Chess\src\Engine\Shader.h">
      <Filter>src\Engine</Filter>
    </ClInclude>
    <ClInclude Include="C:\Dev\Rishab\ClionProjects\Chess\Chess\src\Engine\Window.h">
      <Filter>src\Engine</Filter>
    </ClInclude>
    <ClInclude Include="C:\Dev\Rishab\ClionProjects\Chess\Chess\src\Engine\Events\Events.h">
      <Filter>src\Engine\Events</Filter>
    </ClInclude>
    <ClInclude Include="C:\Dev\Rishab\ClionProjects\Chess\Chess\src\Engine\Events\MouseEvents.h">
      <Filter>src\Engine\Events</Filter>
    </ClInclude>
    <ClInclude Include="C:\Dev\Rishab\ClionProjects\Chess\Chess\src\Engine\Events\WindowEvents.h">
      <Filter>src\Engine\Events</Filter>
    </ClInclude>
    <ClInclude Include="C:\Dev\Rishab\ClionProjects\Chess\Chess\src\Board\PromotionBoard.h">
      <Filter>Header Files</Filter>
    </ClInclude>
  </ItemGroup>
  <ItemGroup>
    <CustomBuild Include="C:\Dev\Rishab\ClionProjects\Chess\Chess\CMakeLists.txt" />
  </ItemGroup>
  <ItemGroup>
    <Filter Include="Header Files">
      <UniqueIdentifier>{3E49807E-E5F7-3A07-B064-B222856F87E4}</UniqueIdentifier>
    </Filter>
    <Filter Include="Source Files">
      <UniqueIdentifier>{DFAA100A-3251-3E11-84B3-DEC54EC1EFB3}</UniqueIdentifier>
    </Filter>
    <Filter Include="src">
      <UniqueIdentifier>{D5B54536-34BB-3FF2-9279-E91F59DBA972}</UniqueIdentifier>
    </Filter>
    <Filter Include="src\Board">
      <UniqueIdentifier>{DEE4B8C8-0E2F-3992-AAB9-E0B88EF28BE3}</UniqueIdentifier>
    </Filter>
    <Filter Include="src\Board\Pieces">
      <UniqueIdentifier>{6BBE41C4-8202-37F7-974A-37B7D43985EF}</UniqueIdentifier>
    </Filter>
    <Filter Include="src\Engine">
      <UniqueIdentifier>{320851CA-36A8-327A-9220-F2370CF37C1B}</UniqueIdentifier>
    </Filter>
    <Filter Include="src\Engine\Events">
      <UniqueIdentifier>{8F970A21-7775-3CB1-9849-58538BA00B8A}</UniqueIdentifier>
    </Filter>
  </ItemGroup>
</Project>
